
Microsoft Visual Studio Solution File, Format Version 12.00
# Visual Studio Version 17
VisualStudioVersion = 17.14.36212.18 d17.14
MinimumVisualStudioVersion = 10.0.40219.1
Project("{8BC9CEB8-8B4A-11D0-8D11-00A0C91BC942}") = "RailBookingSystem", "RailBookingSystem.vcxproj", "{7F88F178-EA5B-4C36-8786-D2A7AEA961E0}"
EndProject
Global
	GlobalSection(SolutionConfigurationPlatforms) = preSolution
		Debug|x64 = Debug|x64
		Release|x64 = Release|x64
	EndGlobalSection
	GlobalSection(ProjectConfigurationPlatforms) = postSolution
		{7F88F178-EA5B-4C36-8786-D2A7AEA961E0}.Debug|x64.ActiveCfg = Debug|x64
		{7F88F178-EA5B-4C36-8786-D2A7AEA961E0}.Debug|x64.Build.0 = Debug|x64
		{7F88F178-EA5B-4C36-8786-D2A7AEA961E0}.Release|x64.ActiveCfg = Release|x64
		{7F88F178-EA5B-4C36-8786-D2A7AEA961E0}.Release|x64.Build.0 = Release|x64
	EndGlobalSection
	GlobalSection(SolutionProperties) = preSolution
		HideSolutionNode = FALSE
	EndGlobalSection
	GlobalSection(ExtensibilityGlobals) = postSolution
		SolutionGuid = {B72A7A6F-C589-4EE3-BAD7-88B29ADA7432}
	EndGlobalSection
EndGlobal
